// !$*UTF8*$!
{
	archiveVersion = 1;
	classes = {
	};
	objectVersion = 56;
	objects = {

/* Begin PBXBuildFile section */
		51553FB82AD70963008A6D99 /* AnalysisModelClass.swift in Sources */ = {isa = PBXBuildFile; fileRef = 51553FB72AD70963008A6D99 /* AnalysisModelClass.swift */; };
		5197C6D22AAD2456005BE65E /* DesignDetailView.swift in Sources */ = {isa = PBXBuildFile; fileRef = 5197C6D12AAD2456005BE65E /* DesignDetailView.swift */; };
		5197C6D42AAD4BB9005BE65E /* BeamAndColumnSelectionView.swift in Sources */ = {isa = PBXBuildFile; fileRef = 5197C6D32AAD4BB9005BE65E /* BeamAndColumnSelectionView.swift */; };
		5197C6D62AAD4C06005BE65E /* UserSettings.swift in Sources */ = {isa = PBXBuildFile; fileRef = 5197C6D52AAD4C06005BE65E /* UserSettings.swift */; };
		5197C6D82AAD4C56005BE65E /* BeamSelectionView.swift in Sources */ = {isa = PBXBuildFile; fileRef = 5197C6D72AAD4C56005BE65E /* BeamSelectionView.swift */; };
		5197C6DA2AAD4C8F005BE65E /* BeamDetailsView.swift in Sources */ = {isa = PBXBuildFile; fileRef = 5197C6D92AAD4C8F005BE65E /* BeamDetailsView.swift */; };
		5197C6DC2AAD4CBC005BE65E /* ColumnSelectionView.swift in Sources */ = {isa = PBXBuildFile; fileRef = 5197C6DB2AAD4CBC005BE65E /* ColumnSelectionView.swift */; };
		5197C6DE2AAD4CE6005BE65E /* ColumnDetailsView.swift in Sources */ = {isa = PBXBuildFile; fileRef = 5197C6DD2AAD4CE6005BE65E /* ColumnDetailsView.swift */; };
		5197C6E22AAD7E90005BE65E /* aisc-shapes-database-v15-GM-W.json in Resources */ = {isa = PBXBuildFile; fileRef = 5197C6E12AAD7E90005BE65E /* aisc-shapes-database-v15-GM-W.json */; };
		5197C6E42AAF1301005BE65E /* BeamAndColumnRequiredStrenthView.swift in Sources */ = {isa = PBXBuildFile; fileRef = 5197C6E32AAF1301005BE65E /* BeamAndColumnRequiredStrenthView.swift */; };
		5197C6E82AAF15F6005BE65E /* ColumnRequiredStrengthInputView.swift in Sources */ = {isa = PBXBuildFile; fileRef = 5197C6E72AAF15F6005BE65E /* ColumnRequiredStrengthInputView.swift */; };
		5197C6EA2AAF1612005BE65E /* ColumnRequiredStrengthDisplayView.swift in Sources */ = {isa = PBXBuildFile; fileRef = 5197C6E92AAF1612005BE65E /* ColumnRequiredStrengthDisplayView.swift */; };
		5197C6ED2AAF1891005BE65E /* ColumnRequiredStrengthModel.swift in Sources */ = {isa = PBXBuildFile; fileRef = 5197C6EC2AAF1891005BE65E /* ColumnRequiredStrengthModel.swift */; };
		5197C6EF2AAF19BC005BE65E /* ColumnRequiredStrengthView.swift in Sources */ = {isa = PBXBuildFile; fileRef = 5197C6EE2AAF19BC005BE65E /* ColumnRequiredStrengthView.swift */; };
		5197C6F32AAF1A48005BE65E /* NumericInputView.swift in Sources */ = {isa = PBXBuildFile; fileRef = 5197C6F22AAF1A48005BE65E /* NumericInputView.swift */; };
		5197C6F52AAF1C36005BE65E /* DesignView.swift in Sources */ = {isa = PBXBuildFile; fileRef = 5197C6F42AAF1C36005BE65E /* DesignView.swift */; };
		5197C6F72AAF1C7C005BE65E /* EndPlateViewModel.swift in Sources */ = {isa = PBXBuildFile; fileRef = 5197C6F62AAF1C7C005BE65E /* EndPlateViewModel.swift */; };
		5197C6F92AAF1CBE005BE65E /* BoltViewModel.swift in Sources */ = {isa = PBXBuildFile; fileRef = 5197C6F82AAF1CBE005BE65E /* BoltViewModel.swift */; };
		5197C6FC2AAF1D76005BE65E /* BeamLengthAndColumnHeightView.swift in Sources */ = {isa = PBXBuildFile; fileRef = 5197C6FB2AAF1D76005BE65E /* BeamLengthAndColumnHeightView.swift */; };
		5197C6FE2AAF1DC4005BE65E /* BeamLenghtInputView.swift in Sources */ = {isa = PBXBuildFile; fileRef = 5197C6FD2AAF1DC4005BE65E /* BeamLenghtInputView.swift */; };
		5197C7002AAF1DF7005BE65E /* BeamLenghtDisplayView.swift in Sources */ = {isa = PBXBuildFile; fileRef = 5197C6FF2AAF1DF7005BE65E /* BeamLenghtDisplayView.swift */; };
		5197C7022AAF1E34005BE65E /* ColumnHeightInputView.swift in Sources */ = {isa = PBXBuildFile; fileRef = 5197C7012AAF1E34005BE65E /* ColumnHeightInputView.swift */; };
		5197C7042AAF1E72005BE65E /* ColumnHeightDisplayView.swift in Sources */ = {isa = PBXBuildFile; fileRef = 5197C7032AAF1E72005BE65E /* ColumnHeightDisplayView.swift */; };
		5197C7062AAF1EC3005BE65E /* BoltPickerView.swift in Sources */ = {isa = PBXBuildFile; fileRef = 5197C7052AAF1EC3005BE65E /* BoltPickerView.swift */; };
		5197C7092AAF2689005BE65E /* AnalysisModel.swift in Sources */ = {isa = PBXBuildFile; fileRef = 5197C7082AAF2689005BE65E /* AnalysisModel.swift */; };
		51BAFA602AAA88EA00F9D644 /* SD_OMF_4EApp.swift in Sources */ = {isa = PBXBuildFile; fileRef = 51BAFA5F2AAA88EA00F9D644 /* SD_OMF_4EApp.swift */; };
		51BAFA622AAA88EA00F9D644 /* WelcomeView.swift in Sources */ = {isa = PBXBuildFile; fileRef = 51BAFA612AAA88EA00F9D644 /* WelcomeView.swift */; };
		51BAFA642AAA88EB00F9D644 /* Assets.xcassets in Resources */ = {isa = PBXBuildFile; fileRef = 51BAFA632AAA88EB00F9D644 /* Assets.xcassets */; };
		51BAFA672AAA88EB00F9D644 /* Preview Assets.xcassets in Resources */ = {isa = PBXBuildFile; fileRef = 51BAFA662AAA88EB00F9D644 /* Preview Assets.xcassets */; };
		51BAFA702AAA949500F9D644 /* ReadMeFirstSheetView.swift in Sources */ = {isa = PBXBuildFile; fileRef = 51BAFA6F2AAA949500F9D644 /* ReadMeFirstSheetView.swift */; };
		51BAFA732AAA953500F9D644 /* DesignListView.swift in Sources */ = {isa = PBXBuildFile; fileRef = 51BAFA722AAA953500F9D644 /* DesignListView.swift */; };
		51BAFA762AAA95F100F9D644 /* DesignStore.swift in Sources */ = {isa = PBXBuildFile; fileRef = 51BAFA752AAA95F100F9D644 /* DesignStore.swift */; };
		51BAFA782AAA963600F9D644 /* Design.swift in Sources */ = {isa = PBXBuildFile; fileRef = 51BAFA772AAA963600F9D644 /* Design.swift */; };
		51BAFA7A2AAA974B00F9D644 /* ShapesAISC.swift in Sources */ = {isa = PBXBuildFile; fileRef = 51BAFA792AAA974B00F9D644 /* ShapesAISC.swift */; };
		51BAFA7C2AAA980200F9D644 /* Theme.swift in Sources */ = {isa = PBXBuildFile; fileRef = 51BAFA7B2AAA980200F9D644 /* Theme.swift */; };
		51BAFA7E2AAA983800F9D644 /* History.swift in Sources */ = {isa = PBXBuildFile; fileRef = 51BAFA7D2AAA983800F9D644 /* History.swift */; };
		51BAFA802AAAC4AC00F9D644 /* NewDesignSheet.swift in Sources */ = {isa = PBXBuildFile; fileRef = 51BAFA7F2AAAC4AC00F9D644 /* NewDesignSheet.swift */; };
		51BAFA822AAAC50900F9D644 /* CardView.swift in Sources */ = {isa = PBXBuildFile; fileRef = 51BAFA812AAAC50900F9D644 /* CardView.swift */; };
		51BAFA842AAAC55000F9D644 /* TrailingIconLabelStyle.swift in Sources */ = {isa = PBXBuildFile; fileRef = 51BAFA832AAAC55000F9D644 /* TrailingIconLabelStyle.swift */; };
		51BAFA862AAAC68700F9D644 /* NewDesignView.swift in Sources */ = {isa = PBXBuildFile; fileRef = 51BAFA852AAAC68700F9D644 /* NewDesignView.swift */; };
		51BAFA882AAAC72E00F9D644 /* ThemePicker.swift in Sources */ = {isa = PBXBuildFile; fileRef = 51BAFA872AAAC72E00F9D644 /* ThemePicker.swift */; };
		51BAFA8A2AAAC77D00F9D644 /* ThemeView.swift in Sources */ = {isa = PBXBuildFile; fileRef = 51BAFA892AAAC77D00F9D644 /* ThemeView.swift */; };
		51BAFA8C2AAAC8F500F9D644 /* EditDesignSheet.swift in Sources */ = {isa = PBXBuildFile; fileRef = 51BAFA8B2AAAC8F500F9D644 /* EditDesignSheet.swift */; };
		51BAFA8E2AAACBFF00F9D644 /* BeamViewModel.swift in Sources */ = {isa = PBXBuildFile; fileRef = 51BAFA8D2AAACBFF00F9D644 /* BeamViewModel.swift */; };
		51BAFA902AAACC9A00F9D644 /* BeamPropertiesDetailModel.swift in Sources */ = {isa = PBXBuildFile; fileRef = 51BAFA8F2AAACC9A00F9D644 /* BeamPropertiesDetailModel.swift */; };
		51BAFA922AAACCE000F9D644 /* ColumnViewModel.swift in Sources */ = {isa = PBXBuildFile; fileRef = 51BAFA912AAACCE000F9D644 /* ColumnViewModel.swift */; };
		51BAFA942AAACD4200F9D644 /* ColumnPropertiesDetailModel.swift in Sources */ = {isa = PBXBuildFile; fileRef = 51BAFA932AAACD4200F9D644 /* ColumnPropertiesDetailModel.swift */; };
		51BAFA962AAACDF100F9D644 /* Constants.swift in Sources */ = {isa = PBXBuildFile; fileRef = 51BAFA952AAACDF100F9D644 /* Constants.swift */; };
		51BAFA982AAACE4200F9D644 /* EditDesignView.swift in Sources */ = {isa = PBXBuildFile; fileRef = 51BAFA972AAACE4200F9D644 /* EditDesignView.swift */; };
		51BAFA9B2AAACEC000F9D644 /* BeamPickerView.swift in Sources */ = {isa = PBXBuildFile; fileRef = 51BAFA9A2AAACEC000F9D644 /* BeamPickerView.swift */; };
		51BAFA9D2AAACEE800F9D644 /* ColumnPickerView.swift in Sources */ = {isa = PBXBuildFile; fileRef = 51BAFA9C2AAACEE800F9D644 /* ColumnPickerView.swift */; };
		51BAFA9F2AAACF1100F9D644 /* EndPlatePickerView.swift in Sources */ = {isa = PBXBuildFile; fileRef = 51BAFA9E2AAACF1100F9D644 /* EndPlatePickerView.swift */; };
/* End PBXBuildFile section */

/* Begin PBXFileReference section */
		51553FB72AD70963008A6D99 /* AnalysisModelClass.swift */ = {isa = PBXFileReference; lastKnownFileType = sourcecode.swift; path = AnalysisModelClass.swift; sourceTree = "<group>"; };
		5197C6D12AAD2456005BE65E /* DesignDetailView.swift */ = {isa = PBXFileReference; lastKnownFileType = sourcecode.swift; path = DesignDetailView.swift; sourceTree = "<group>"; };
		5197C6D32AAD4BB9005BE65E /* BeamAndColumnSelectionView.swift */ = {isa = PBXFileReference; lastKnownFileType = sourcecode.swift; path = BeamAndColumnSelectionView.swift; sourceTree = "<group>"; };
		5197C6D52AAD4C06005BE65E /* UserSettings.swift */ = {isa = PBXFileReference; lastKnownFileType = sourcecode.swift; path = UserSettings.swift; sourceTree = "<group>"; };
		5197C6D72AAD4C56005BE65E /* BeamSelectionView.swift */ = {isa = PBXFileReference; lastKnownFileType = sourcecode.swift; path = BeamSelectionView.swift; sourceTree = "<group>"; };
		5197C6D92AAD4C8F005BE65E /* BeamDetailsView.swift */ = {isa = PBXFileReference; lastKnownFileType = sourcecode.swift; path = BeamDetailsView.swift; sourceTree = "<group>"; };
		5197C6DB2AAD4CBC005BE65E /* ColumnSelectionView.swift */ = {isa = PBXFileReference; lastKnownFileType = sourcecode.swift; path = ColumnSelectionView.swift; sourceTree = "<group>"; };
		5197C6DD2AAD4CE6005BE65E /* ColumnDetailsView.swift */ = {isa = PBXFileReference; lastKnownFileType = sourcecode.swift; path = ColumnDetailsView.swift; sourceTree = "<group>"; };
		5197C6E12AAD7E90005BE65E /* aisc-shapes-database-v15-GM-W.json */ = {isa = PBXFileReference; fileEncoding = 4; lastKnownFileType = text.json; path = "aisc-shapes-database-v15-GM-W.json"; sourceTree = "<group>"; };
		5197C6E32AAF1301005BE65E /* BeamAndColumnRequiredStrenthView.swift */ = {isa = PBXFileReference; lastKnownFileType = sourcecode.swift; path = BeamAndColumnRequiredStrenthView.swift; sourceTree = "<group>"; };
		5197C6E72AAF15F6005BE65E /* ColumnRequiredStrengthInputView.swift */ = {isa = PBXFileReference; lastKnownFileType = sourcecode.swift; path = ColumnRequiredStrengthInputView.swift; sourceTree = "<group>"; };
		5197C6E92AAF1612005BE65E /* ColumnRequiredStrengthDisplayView.swift */ = {isa = PBXFileReference; lastKnownFileType = sourcecode.swift; path = ColumnRequiredStrengthDisplayView.swift; sourceTree = "<group>"; };
		5197C6EC2AAF1891005BE65E /* ColumnRequiredStrengthModel.swift */ = {isa = PBXFileReference; lastKnownFileType = sourcecode.swift; path = ColumnRequiredStrengthModel.swift; sourceTree = "<group>"; };
		5197C6EE2AAF19BC005BE65E /* ColumnRequiredStrengthView.swift */ = {isa = PBXFileReference; lastKnownFileType = sourcecode.swift; path = ColumnRequiredStrengthView.swift; sourceTree = "<group>"; };
		5197C6F22AAF1A48005BE65E /* NumericInputView.swift */ = {isa = PBXFileReference; lastKnownFileType = sourcecode.swift; path = NumericInputView.swift; sourceTree = "<group>"; };
		5197C6F42AAF1C36005BE65E /* DesignView.swift */ = {isa = PBXFileReference; lastKnownFileType = sourcecode.swift; path = DesignView.swift; sourceTree = "<group>"; };
		5197C6F62AAF1C7C005BE65E /* EndPlateViewModel.swift */ = {isa = PBXFileReference; lastKnownFileType = sourcecode.swift; path = EndPlateViewModel.swift; sourceTree = "<group>"; };
		5197C6F82AAF1CBE005BE65E /* BoltViewModel.swift */ = {isa = PBXFileReference; lastKnownFileType = sourcecode.swift; path = BoltViewModel.swift; sourceTree = "<group>"; };
		5197C6FB2AAF1D76005BE65E /* BeamLengthAndColumnHeightView.swift */ = {isa = PBXFileReference; lastKnownFileType = sourcecode.swift; path = BeamLengthAndColumnHeightView.swift; sourceTree = "<group>"; };
		5197C6FD2AAF1DC4005BE65E /* BeamLenghtInputView.swift */ = {isa = PBXFileReference; lastKnownFileType = sourcecode.swift; path = BeamLenghtInputView.swift; sourceTree = "<group>"; };
		5197C6FF2AAF1DF7005BE65E /* BeamLenghtDisplayView.swift */ = {isa = PBXFileReference; lastKnownFileType = sourcecode.swift; path = BeamLenghtDisplayView.swift; sourceTree = "<group>"; };
		5197C7012AAF1E34005BE65E /* ColumnHeightInputView.swift */ = {isa = PBXFileReference; lastKnownFileType = sourcecode.swift; path = ColumnHeightInputView.swift; sourceTree = "<group>"; };
		5197C7032AAF1E72005BE65E /* ColumnHeightDisplayView.swift */ = {isa = PBXFileReference; lastKnownFileType = sourcecode.swift; path = ColumnHeightDisplayView.swift; sourceTree = "<group>"; };
		5197C7052AAF1EC3005BE65E /* BoltPickerView.swift */ = {isa = PBXFileReference; lastKnownFileType = sourcecode.swift; path = BoltPickerView.swift; sourceTree = "<group>"; };
		5197C7082AAF2689005BE65E /* AnalysisModel.swift */ = {isa = PBXFileReference; lastKnownFileType = sourcecode.swift; path = AnalysisModel.swift; sourceTree = "<group>"; };
		51BAFA5C2AAA88EA00F9D644 /* SD_OMF_4E.app */ = {isa = PBXFileReference; explicitFileType = wrapper.application; includeInIndex = 0; path = SD_OMF_4E.app; sourceTree = BUILT_PRODUCTS_DIR; };
		51BAFA5F2AAA88EA00F9D644 /* SD_OMF_4EApp.swift */ = {isa = PBXFileReference; lastKnownFileType = sourcecode.swift; path = SD_OMF_4EApp.swift; sourceTree = "<group>"; };
		51BAFA612AAA88EA00F9D644 /* WelcomeView.swift */ = {isa = PBXFileReference; lastKnownFileType = sourcecode.swift; path = WelcomeView.swift; sourceTree = "<group>"; };
		51BAFA632AAA88EB00F9D644 /* Assets.xcassets */ = {isa = PBXFileReference; lastKnownFileType = folder.assetcatalog; path = Assets.xcassets; sourceTree = "<group>"; };
		51BAFA662AAA88EB00F9D644 /* Preview Assets.xcassets */ = {isa = PBXFileReference; lastKnownFileType = folder.assetcatalog; path = "Preview Assets.xcassets"; sourceTree = "<group>"; };
		51BAFA6F2AAA949500F9D644 /* ReadMeFirstSheetView.swift */ = {isa = PBXFileReference; lastKnownFileType = sourcecode.swift; path = ReadMeFirstSheetView.swift; sourceTree = "<group>"; };
		51BAFA722AAA953500F9D644 /* DesignListView.swift */ = {isa = PBXFileReference; lastKnownFileType = sourcecode.swift; path = DesignListView.swift; sourceTree = "<group>"; };
		51BAFA752AAA95F100F9D644 /* DesignStore.swift */ = {isa = PBXFileReference; lastKnownFileType = sourcecode.swift; path = DesignStore.swift; sourceTree = "<group>"; };
		51BAFA772AAA963600F9D644 /* Design.swift */ = {isa = PBXFileReference; lastKnownFileType = sourcecode.swift; path = Design.swift; sourceTree = "<group>"; };
		51BAFA792AAA974B00F9D644 /* ShapesAISC.swift */ = {isa = PBXFileReference; lastKnownFileType = sourcecode.swift; path = ShapesAISC.swift; sourceTree = "<group>"; };
		51BAFA7B2AAA980200F9D644 /* Theme.swift */ = {isa = PBXFileReference; lastKnownFileType = sourcecode.swift; path = Theme.swift; sourceTree = "<group>"; };
		51BAFA7D2AAA983800F9D644 /* History.swift */ = {isa = PBXFileReference; lastKnownFileType = sourcecode.swift; path = History.swift; sourceTree = "<group>"; };
		51BAFA7F2AAAC4AC00F9D644 /* NewDesignSheet.swift */ = {isa = PBXFileReference; lastKnownFileType = sourcecode.swift; path = NewDesignSheet.swift; sourceTree = "<group>"; };
		51BAFA812AAAC50900F9D644 /* CardView.swift */ = {isa = PBXFileReference; lastKnownFileType = sourcecode.swift; path = CardView.swift; sourceTree = "<group>"; };
		51BAFA832AAAC55000F9D644 /* TrailingIconLabelStyle.swift */ = {isa = PBXFileReference; lastKnownFileType = sourcecode.swift; path = TrailingIconLabelStyle.swift; sourceTree = "<group>"; };
		51BAFA852AAAC68700F9D644 /* NewDesignView.swift */ = {isa = PBXFileReference; lastKnownFileType = sourcecode.swift; path = NewDesignView.swift; sourceTree = "<group>"; };
		51BAFA872AAAC72E00F9D644 /* ThemePicker.swift */ = {isa = PBXFileReference; lastKnownFileType = sourcecode.swift; path = ThemePicker.swift; sourceTree = "<group>"; };
		51BAFA892AAAC77D00F9D644 /* ThemeView.swift */ = {isa = PBXFileReference; lastKnownFileType = sourcecode.swift; path = ThemeView.swift; sourceTree = "<group>"; };
		51BAFA8B2AAAC8F500F9D644 /* EditDesignSheet.swift */ = {isa = PBXFileReference; lastKnownFileType = sourcecode.swift; path = EditDesignSheet.swift; sourceTree = "<group>"; };
		51BAFA8D2AAACBFF00F9D644 /* BeamViewModel.swift */ = {isa = PBXFileReference; lastKnownFileType = sourcecode.swift; path = BeamViewModel.swift; sourceTree = "<group>"; };
		51BAFA8F2AAACC9A00F9D644 /* BeamPropertiesDetailModel.swift */ = {isa = PBXFileReference; lastKnownFileType = sourcecode.swift; path = BeamPropertiesDetailModel.swift; sourceTree = "<group>"; };
		51BAFA912AAACCE000F9D644 /* ColumnViewModel.swift */ = {isa = PBXFileReference; lastKnownFileType = sourcecode.swift; path = ColumnViewModel.swift; sourceTree = "<group>"; };
		51BAFA932AAACD4200F9D644 /* ColumnPropertiesDetailModel.swift */ = {isa = PBXFileReference; lastKnownFileType = sourcecode.swift; path = ColumnPropertiesDetailModel.swift; sourceTree = "<group>"; };
		51BAFA952AAACDF100F9D644 /* Constants.swift */ = {isa = PBXFileReference; lastKnownFileType = sourcecode.swift; path = Constants.swift; sourceTree = "<group>"; };
		51BAFA972AAACE4200F9D644 /* EditDesignView.swift */ = {isa = PBXFileReference; lastKnownFileType = sourcecode.swift; path = EditDesignView.swift; sourceTree = "<group>"; };
		51BAFA9A2AAACEC000F9D644 /* BeamPickerView.swift */ = {isa = PBXFileReference; lastKnownFileType = sourcecode.swift; path = BeamPickerView.swift; sourceTree = "<group>"; };
		51BAFA9C2AAACEE800F9D644 /* ColumnPickerView.swift */ = {isa = PBXFileReference; lastKnownFileType = sourcecode.swift; path = ColumnPickerView.swift; sourceTree = "<group>"; };
		51BAFA9E2AAACF1100F9D644 /* EndPlatePickerView.swift */ = {isa = PBXFileReference; lastKnownFileType = sourcecode.swift; path = EndPlatePickerView.swift; sourceTree = "<group>"; };
/* End PBXFileReference section */

/* Begin PBXFrameworksBuildPhase section */
		51BAFA592AAA88EA00F9D644 /* Frameworks */ = {
			isa = PBXFrameworksBuildPhase;
			buildActionMask = 2147483647;
			files = (
			);
			runOnlyForDeploymentPostprocessing = 0;
		};
/* End PBXFrameworksBuildPhase section */

/* Begin PBXGroup section */
		5197C6E02AAD4E6A005BE65E /* Resources */ = {
			isa = PBXGroup;
			children = (
				5197C6E12AAD7E90005BE65E /* aisc-shapes-database-v15-GM-W.json */,
			);
			path = Resources;
			sourceTree = "<group>";
		};
		5197C6E52AAF156D005BE65E /* BeamAndColumnRequiredStrenthView */ = {
			isa = PBXGroup;
			children = (
				5197C6E32AAF1301005BE65E /* BeamAndColumnRequiredStrenthView.swift */,
				5197C6E72AAF15F6005BE65E /* ColumnRequiredStrengthInputView.swift */,
				5197C6E92AAF1612005BE65E /* ColumnRequiredStrengthDisplayView.swift */,
				5197C6EE2AAF19BC005BE65E /* ColumnRequiredStrengthView.swift */,
				5197C6F22AAF1A48005BE65E /* NumericInputView.swift */,
			);
			path = BeamAndColumnRequiredStrenthView;
			sourceTree = "<group>";
		};
		5197C6E62AAF1599005BE65E /* BeamAndColumnSelectionView */ = {
			isa = PBXGroup;
			children = (
				5197C6D32AAD4BB9005BE65E /* BeamAndColumnSelectionView.swift */,
				5197C6DB2AAD4CBC005BE65E /* ColumnSelectionView.swift */,
				5197C6D72AAD4C56005BE65E /* BeamSelectionView.swift */,
				5197C6D92AAD4C8F005BE65E /* BeamDetailsView.swift */,
				5197C6DD2AAD4CE6005BE65E /* ColumnDetailsView.swift */,
			);
			path = BeamAndColumnSelectionView;
			sourceTree = "<group>";
		};
		5197C6EB2AAF1706005BE65E /* NewDesign */ = {
			isa = PBXGroup;
			children = (
				51BAFA852AAAC68700F9D644 /* NewDesignView.swift */,
				51BAFA7F2AAAC4AC00F9D644 /* NewDesignSheet.swift */,
				5197C6F42AAF1C36005BE65E /* DesignView.swift */,
			);
			path = NewDesign;
			sourceTree = "<group>";
		};
		5197C6FA2AAF1D1D005BE65E /* BeamAndColumnDetails */ = {
			isa = PBXGroup;
			children = (
				5197C6FB2AAF1D76005BE65E /* BeamLengthAndColumnHeightView.swift */,
				5197C6FD2AAF1DC4005BE65E /* BeamLenghtInputView.swift */,
				5197C6FF2AAF1DF7005BE65E /* BeamLenghtDisplayView.swift */,
				5197C7012AAF1E34005BE65E /* ColumnHeightInputView.swift */,
				5197C7032AAF1E72005BE65E /* ColumnHeightDisplayView.swift */,
			);
			path = BeamAndColumnDetails;
			sourceTree = "<group>";
		};
		5197C7072AAF212B005BE65E /* EditDesign */ = {
			isa = PBXGroup;
			children = (
				51BAFA972AAACE4200F9D644 /* EditDesignView.swift */,
				51BAFA8B2AAAC8F500F9D644 /* EditDesignSheet.swift */,
			);
			path = EditDesign;
			sourceTree = "<group>";
		};
		51BAFA532AAA88EA00F9D644 = {
			isa = PBXGroup;
			children = (
				51BAFA5E2AAA88EA00F9D644 /* SD_OMF_4E */,
				51BAFA5D2AAA88EA00F9D644 /* Products */,
			);
			sourceTree = "<group>";
		};
		51BAFA5D2AAA88EA00F9D644 /* Products */ = {
			isa = PBXGroup;
			children = (
				51BAFA5C2AAA88EA00F9D644 /* SD_OMF_4E.app */,
			);
			name = Products;
			sourceTree = "<group>";
		};
		51BAFA5E2AAA88EA00F9D644 /* SD_OMF_4E */ = {
			isa = PBXGroup;
			children = (
				51BAFA5F2AAA88EA00F9D644 /* SD_OMF_4EApp.swift */,
				51BAFA742AAA95CF00F9D644 /* Model */,
				51BAFA6D2AAA945E00F9D644 /* View */,
				5197C6FA2AAF1D1D005BE65E /* BeamAndColumnDetails */,
				51BAFA992AAACE8B00F9D644 /* PickerViews */,
				5197C6E02AAD4E6A005BE65E /* Resources */,
				51BAFA632AAA88EB00F9D644 /* Assets.xcassets */,
				51BAFA652AAA88EB00F9D644 /* Preview Content */,
			);
			path = SD_OMF_4E;
			sourceTree = "<group>";
		};
		51BAFA652AAA88EB00F9D644 /* Preview Content */ = {
			isa = PBXGroup;
			children = (
				51BAFA662AAA88EB00F9D644 /* Preview Assets.xcassets */,
			);
			path = "Preview Content";
			sourceTree = "<group>";
		};
		51BAFA6D2AAA945E00F9D644 /* View */ = {
			isa = PBXGroup;
			children = (
				51BAFA6E2AAA946F00F9D644 /* WelcomeView */,
				51BAFA712AAA94D200F9D644 /* DesignListView */,
			);
			path = View;
			sourceTree = "<group>";
		};
		51BAFA6E2AAA946F00F9D644 /* WelcomeView */ = {
			isa = PBXGroup;
			children = (
				51BAFA612AAA88EA00F9D644 /* WelcomeView.swift */,
				51BAFA6F2AAA949500F9D644 /* ReadMeFirstSheetView.swift */,
			);
			path = WelcomeView;
			sourceTree = "<group>";
		};
		51BAFA712AAA94D200F9D644 /* DesignListView */ = {
			isa = PBXGroup;
			children = (
				51BAFA722AAA953500F9D644 /* DesignListView.swift */,
				51BAFA812AAAC50900F9D644 /* CardView.swift */,
				51BAFA832AAAC55000F9D644 /* TrailingIconLabelStyle.swift */,
				5197C6D12AAD2456005BE65E /* DesignDetailView.swift */,
				5197C6EB2AAF1706005BE65E /* NewDesign */,
				5197C7072AAF212B005BE65E /* EditDesign */,
				51BAFA892AAAC77D00F9D644 /* ThemeView.swift */,
				5197C6E62AAF1599005BE65E /* BeamAndColumnSelectionView */,
				5197C6E52AAF156D005BE65E /* BeamAndColumnRequiredStrenthView */,
			);
			path = DesignListView;
			sourceTree = "<group>";
		};
		51BAFA742AAA95CF00F9D644 /* Model */ = {
			isa = PBXGroup;
			children = (
				5197C7082AAF2689005BE65E /* AnalysisModel.swift */,
				51553FB72AD70963008A6D99 /* AnalysisModelClass.swift */,
				51BAFA752AAA95F100F9D644 /* DesignStore.swift */,
				51BAFA772AAA963600F9D644 /* Design.swift */,
				51BAFA792AAA974B00F9D644 /* ShapesAISC.swift */,
				51BAFA7B2AAA980200F9D644 /* Theme.swift */,
				51BAFA7D2AAA983800F9D644 /* History.swift */,
				51BAFA8D2AAACBFF00F9D644 /* BeamViewModel.swift */,
				51BAFA8F2AAACC9A00F9D644 /* BeamPropertiesDetailModel.swift */,
				51BAFA912AAACCE000F9D644 /* ColumnViewModel.swift */,
				51BAFA932AAACD4200F9D644 /* ColumnPropertiesDetailModel.swift */,
				51BAFA952AAACDF100F9D644 /* Constants.swift */,
				5197C6D52AAD4C06005BE65E /* UserSettings.swift */,
				5197C6EC2AAF1891005BE65E /* ColumnRequiredStrengthModel.swift */,
				5197C6F62AAF1C7C005BE65E /* EndPlateViewModel.swift */,
				5197C6F82AAF1CBE005BE65E /* BoltViewModel.swift */,
			);
			path = Model;
			sourceTree = "<group>";
		};
		51BAFA992AAACE8B00F9D644 /* PickerViews */ = {
			isa = PBXGroup;
			children = (
				51BAFA9A2AAACEC000F9D644 /* BeamPickerView.swift */,
				51BAFA9C2AAACEE800F9D644 /* ColumnPickerView.swift */,
				51BAFA9E2AAACF1100F9D644 /* EndPlatePickerView.swift */,
				5197C7052AAF1EC3005BE65E /* BoltPickerView.swift */,
				51BAFA872AAAC72E00F9D644 /* ThemePicker.swift */,
			);
			path = PickerViews;
			sourceTree = "<group>";
		};
/* End PBXGroup section */

/* Begin PBXNativeTarget section */
		51BAFA5B2AAA88EA00F9D644 /* SD_OMF_4E */ = {
			isa = PBXNativeTarget;
			buildConfigurationList = 51BAFA6A2AAA88EB00F9D644 /* Build configuration list for PBXNativeTarget "SD_OMF_4E" */;
			buildPhases = (
				51BAFA582AAA88EA00F9D644 /* Sources */,
				51BAFA592AAA88EA00F9D644 /* Frameworks */,
				51BAFA5A2AAA88EA00F9D644 /* Resources */,
			);
			buildRules = (
			);
			dependencies = (
			);
			name = SD_OMF_4E;
			productName = SD_OMF_4E;
			productReference = 51BAFA5C2AAA88EA00F9D644 /* SD_OMF_4E.app */;
			productType = "com.apple.product-type.application";
		};
/* End PBXNativeTarget section */

/* Begin PBXProject section */
		51BAFA542AAA88EA00F9D644 /* Project object */ = {
			isa = PBXProject;
			attributes = {
				BuildIndependentTargetsInParallel = 1;
				LastSwiftUpdateCheck = 1430;
				LastUpgradeCheck = 1430;
				TargetAttributes = {
					51BAFA5B2AAA88EA00F9D644 = {
						CreatedOnToolsVersion = 14.3.1;
					};
				};
			};
			buildConfigurationList = 51BAFA572AAA88EA00F9D644 /* Build configuration list for PBXProject "SD_OMF_4E" */;
			compatibilityVersion = "Xcode 14.0";
			developmentRegion = en;
			hasScannedForEncodings = 0;
			knownRegions = (
				en,
				Base,
			);
			mainGroup = 51BAFA532AAA88EA00F9D644;
			productRefGroup = 51BAFA5D2AAA88EA00F9D644 /* Products */;
			projectDirPath = "";
			projectRoot = "";
			targets = (
				51BAFA5B2AAA88EA00F9D644 /* SD_OMF_4E */,
			);
		};
/* End PBXProject section */

/* Begin PBXResourcesBuildPhase section */
		51BAFA5A2AAA88EA00F9D644 /* Resources */ = {
			isa = PBXResourcesBuildPhase;
			buildActionMask = 2147483647;
			files = (
				51BAFA672AAA88EB00F9D644 /* Preview Assets.xcassets in Resources */,
				5197C6E22AAD7E90005BE65E /* aisc-shapes-database-v15-GM-W.json in Resources */,
				51BAFA642AAA88EB00F9D644 /* Assets.xcassets in Resources */,
			);
			runOnlyForDeploymentPostprocessing = 0;
		};
/* End PBXResourcesBuildPhase section */

/* Begin PBXSourcesBuildPhase section */
		51BAFA582AAA88EA00F9D644 /* Sources */ = {
			isa = PBXSourcesBuildPhase;
			buildActionMask = 2147483647;
			files = (
				5197C6D42AAD4BB9005BE65E /* BeamAndColumnSelectionView.swift in Sources */,
				5197C6DE2AAD4CE6005BE65E /* ColumnDetailsView.swift in Sources */,
				5197C7022AAF1E34005BE65E /* ColumnHeightInputView.swift in Sources */,
				5197C7092AAF2689005BE65E /* AnalysisModel.swift in Sources */,
				51BAFA7E2AAA983800F9D644 /* History.swift in Sources */,
				51BAFA732AAA953500F9D644 /* DesignListView.swift in Sources */,
				51BAFA802AAAC4AC00F9D644 /* NewDesignSheet.swift in Sources */,
				5197C6E82AAF15F6005BE65E /* ColumnRequiredStrengthInputView.swift in Sources */,
				51BAFA862AAAC68700F9D644 /* NewDesignView.swift in Sources */,
				51BAFA9B2AAACEC000F9D644 /* BeamPickerView.swift in Sources */,
				51BAFA982AAACE4200F9D644 /* EditDesignView.swift in Sources */,
				5197C6F32AAF1A48005BE65E /* NumericInputView.swift in Sources */,
				51BAFA9F2AAACF1100F9D644 /* EndPlatePickerView.swift in Sources */,
				51BAFA7C2AAA980200F9D644 /* Theme.swift in Sources */,
				5197C6F92AAF1CBE005BE65E /* BoltViewModel.swift in Sources */,
				5197C6D82AAD4C56005BE65E /* BeamSelectionView.swift in Sources */,
				5197C7002AAF1DF7005BE65E /* BeamLenghtDisplayView.swift in Sources */,
				51BAFA622AAA88EA00F9D644 /* WelcomeView.swift in Sources */,
				51BAFA7A2AAA974B00F9D644 /* ShapesAISC.swift in Sources */,
				51BAFA8E2AAACBFF00F9D644 /* BeamViewModel.swift in Sources */,
				5197C6DC2AAD4CBC005BE65E /* ColumnSelectionView.swift in Sources */,
				5197C6F52AAF1C36005BE65E /* DesignView.swift in Sources */,
				51BAFA922AAACCE000F9D644 /* ColumnViewModel.swift in Sources */,
				5197C6ED2AAF1891005BE65E /* ColumnRequiredStrengthModel.swift in Sources */,
				51BAFA702AAA949500F9D644 /* ReadMeFirstSheetView.swift in Sources */,
				51BAFA842AAAC55000F9D644 /* TrailingIconLabelStyle.swift in Sources */,
				51BAFA962AAACDF100F9D644 /* Constants.swift in Sources */,
				5197C7042AAF1E72005BE65E /* ColumnHeightDisplayView.swift in Sources */,
				5197C6D22AAD2456005BE65E /* DesignDetailView.swift in Sources */,
				51BAFA8C2AAAC8F500F9D644 /* EditDesignSheet.swift in Sources */,
				51BAFA882AAAC72E00F9D644 /* ThemePicker.swift in Sources */,
				51BAFA9D2AAACEE800F9D644 /* ColumnPickerView.swift in Sources */,
				5197C6F72AAF1C7C005BE65E /* EndPlateViewModel.swift in Sources */,
				5197C7062AAF1EC3005BE65E /* BoltPickerView.swift in Sources */,
				5197C6FE2AAF1DC4005BE65E /* BeamLenghtInputView.swift in Sources */,
				51553FB82AD70963008A6D99 /* AnalysisModelClass.swift in Sources */,
				5197C6E42AAF1301005BE65E /* BeamAndColumnRequiredStrenthView.swift in Sources */,
				51BAFA942AAACD4200F9D644 /* ColumnPropertiesDetailModel.swift in Sources */,
				51BAFA902AAACC9A00F9D644 /* BeamPropertiesDetailModel.swift in Sources */,
				5197C6EA2AAF1612005BE65E /* ColumnRequiredStrengthDisplayView.swift in Sources */,
				51BAFA782AAA963600F9D644 /* Design.swift in Sources */,
				5197C6FC2AAF1D76005BE65E /* BeamLengthAndColumnHeightView.swift in Sources */,
				5197C6EF2AAF19BC005BE65E /* ColumnRequiredStrengthView.swift in Sources */,
				5197C6DA2AAD4C8F005BE65E /* BeamDetailsView.swift in Sources */,
				51BAFA602AAA88EA00F9D644 /* SD_OMF_4EApp.swift in Sources */,
				51BAFA822AAAC50900F9D644 /* CardView.swift in Sources */,
				5197C6D62AAD4C06005BE65E /* UserSettings.swift in Sources */,
				51BAFA8A2AAAC77D00F9D644 /* ThemeView.swift in Sources */,
				51BAFA762AAA95F100F9D644 /* DesignStore.swift in Sources */,
			);
			runOnlyForDeploymentPostprocessing = 0;
		};
/* End PBXSourcesBuildPhase section */

/* Begin XCBuildConfiguration section */
		51BAFA682AAA88EB00F9D644 /* Debug */ = {
			isa = XCBuildConfiguration;
			buildSettings = {
				ALWAYS_SEARCH_USER_PATHS = NO;
				CLANG_ANALYZER_NONNULL = YES;
				CLANG_ANALYZER_NUMBER_OBJECT_CONVERSION = YES_AGGRESSIVE;
				CLANG_CXX_LANGUAGE_STANDARD = "gnu++20";
				CLANG_ENABLE_MODULES = YES;
				CLANG_ENABLE_OBJC_ARC = YES;
				CLANG_ENABLE_OBJC_WEAK = YES;
				CLANG_WARN_BLOCK_CAPTURE_AUTORELEASING = YES;
				CLANG_WARN_BOOL_CONVERSION = YES;
				CLANG_WARN_COMMA = YES;
				CLANG_WARN_CONSTANT_CONVERSION = YES;
				CLANG_WARN_DEPRECATED_OBJC_IMPLEMENTATIONS = YES;
				CLANG_WARN_DIRECT_OBJC_ISA_USAGE = YES_ERROR;
				CLANG_WARN_DOCUMENTATION_COMMENTS = YES;
				CLANG_WARN_EMPTY_BODY = YES;
				CLANG_WARN_ENUM_CONVERSION = YES;
				CLANG_WARN_INFINITE_RECURSION = YES;
				CLANG_WARN_INT_CONVERSION = YES;
				CLANG_WARN_NON_LITERAL_NULL_CONVERSION = YES;
				CLANG_WARN_OBJC_IMPLICIT_RETAIN_SELF = YES;
				CLANG_WARN_OBJC_LITERAL_CONVERSION = YES;
				CLANG_WARN_OBJC_ROOT_CLASS = YES_ERROR;
				CLANG_WARN_QUOTED_INCLUDE_IN_FRAMEWORK_HEADER = YES;
				CLANG_WARN_RANGE_LOOP_ANALYSIS = YES;
				CLANG_WARN_STRICT_PROTOTYPES = YES;
				CLANG_WARN_SUSPICIOUS_MOVE = YES;
				CLANG_WARN_UNGUARDED_AVAILABILITY = YES_AGGRESSIVE;
				CLANG_WARN_UNREACHABLE_CODE = YES;
				CLANG_WARN__DUPLICATE_METHOD_MATCH = YES;
				COPY_PHASE_STRIP = NO;
				DEBUG_INFORMATION_FORMAT = dwarf;
				ENABLE_STRICT_OBJC_MSGSEND = YES;
				ENABLE_TESTABILITY = YES;
				GCC_C_LANGUAGE_STANDARD = gnu11;
				GCC_DYNAMIC_NO_PIC = NO;
				GCC_NO_COMMON_BLOCKS = YES;
				GCC_OPTIMIZATION_LEVEL = 0;
				GCC_PREPROCESSOR_DEFINITIONS = (
					"DEBUG=1",
					"$(inherited)",
				);
				GCC_WARN_64_TO_32_BIT_CONVERSION = YES;
				GCC_WARN_ABOUT_RETURN_TYPE = YES_ERROR;
				GCC_WARN_UNDECLARED_SELECTOR = YES;
				GCC_WARN_UNINITIALIZED_AUTOS = YES_AGGRESSIVE;
				GCC_WARN_UNUSED_FUNCTION = YES;
				GCC_WARN_UNUSED_VARIABLE = YES;
				IPHONEOS_DEPLOYMENT_TARGET = 16.4;
				MTL_ENABLE_DEBUG_INFO = INCLUDE_SOURCE;
				MTL_FAST_MATH = YES;
				ONLY_ACTIVE_ARCH = YES;
				SDKROOT = iphoneos;
				SWIFT_ACTIVE_COMPILATION_CONDITIONS = DEBUG;
				SWIFT_OPTIMIZATION_LEVEL = "-Onone";
			};
			name = Debug;
		};
		51BAFA692AAA88EB00F9D644 /* Release */ = {
			isa = XCBuildConfiguration;
			buildSettings = {
				ALWAYS_SEARCH_USER_PATHS = NO;
				CLANG_ANALYZER_NONNULL = YES;
				CLANG_ANALYZER_NUMBER_OBJECT_CONVERSION = YES_AGGRESSIVE;
				CLANG_CXX_LANGUAGE_STANDARD = "gnu++20";
				CLANG_ENABLE_MODULES = YES;
				CLANG_ENABLE_OBJC_ARC = YES;
				CLANG_ENABLE_OBJC_WEAK = YES;
				CLANG_WARN_BLOCK_CAPTURE_AUTORELEASING = YES;
				CLANG_WARN_BOOL_CONVERSION = YES;
				CLANG_WARN_COMMA = YES;
				CLANG_WARN_CONSTANT_CONVERSION = YES;
				CLANG_WARN_DEPRECATED_OBJC_IMPLEMENTATIONS = YES;
				CLANG_WARN_DIRECT_OBJC_ISA_USAGE = YES_ERROR;
				CLANG_WARN_DOCUMENTATION_COMMENTS = YES;
				CLANG_WARN_EMPTY_BODY = YES;
				CLANG_WARN_ENUM_CONVERSION = YES;
				CLANG_WARN_INFINITE_RECURSION = YES;
				CLANG_WARN_INT_CONVERSION = YES;
				CLANG_WARN_NON_LITERAL_NULL_CONVERSION = YES;
				CLANG_WARN_OBJC_IMPLICIT_RETAIN_SELF = YES;
				CLANG_WARN_OBJC_LITERAL_CONVERSION = YES;
				CLANG_WARN_OBJC_ROOT_CLASS = YES_ERROR;
				CLANG_WARN_QUOTED_INCLUDE_IN_FRAMEWORK_HEADER = YES;
				CLANG_WARN_RANGE_LOOP_ANALYSIS = YES;
				CLANG_WARN_STRICT_PROTOTYPES = YES;
				CLANG_WARN_SUSPICIOUS_MOVE = YES;
				CLANG_WARN_UNGUARDED_AVAILABILITY = YES_AGGRESSIVE;
				CLANG_WARN_UNREACHABLE_CODE = YES;
				CLANG_WARN__DUPLICATE_METHOD_MATCH = YES;
				COPY_PHASE_STRIP = NO;
				DEBUG_INFORMATION_FORMAT = "dwarf-with-dsym";
				ENABLE_NS_ASSERTIONS = NO;
				ENABLE_STRICT_OBJC_MSGSEND = YES;
				GCC_C_LANGUAGE_STANDARD = gnu11;
				GCC_NO_COMMON_BLOCKS = YES;
				GCC_WARN_64_TO_32_BIT_CONVERSION = YES;
				GCC_WARN_ABOUT_RETURN_TYPE = YES_ERROR;
				GCC_WARN_UNDECLARED_SELECTOR = YES;
				GCC_WARN_UNINITIALIZED_AUTOS = YES_AGGRESSIVE;
				GCC_WARN_UNUSED_FUNCTION = YES;
				GCC_WARN_UNUSED_VARIABLE = YES;
				IPHONEOS_DEPLOYMENT_TARGET = 16.4;
				MTL_ENABLE_DEBUG_INFO = NO;
				MTL_FAST_MATH = YES;
				SDKROOT = iphoneos;
				SWIFT_COMPILATION_MODE = wholemodule;
				SWIFT_OPTIMIZATION_LEVEL = "-O";
				VALIDATE_PRODUCT = YES;
			};
			name = Release;
		};
		51BAFA6B2AAA88EB00F9D644 /* Debug */ = {
			isa = XCBuildConfiguration;
			buildSettings = {
				ASSETCATALOG_COMPILER_APPICON_NAME = AppIcon;
				ASSETCATALOG_COMPILER_GLOBAL_ACCENT_COLOR_NAME = AccentColor;
				CODE_SIGN_STYLE = Automatic;
				CURRENT_PROJECT_VERSION = 1;
				DEVELOPMENT_ASSET_PATHS = "\"SD_OMF_4E/Preview Content\"";
				DEVELOPMENT_TEAM = A46269A6Z9;
				ENABLE_PREVIEWS = YES;
				GENERATE_INFOPLIST_FILE = YES;
				INFOPLIST_KEY_UIApplicationSceneManifest_Generation = YES;
				INFOPLIST_KEY_UIApplicationSupportsIndirectInputEvents = YES;
				INFOPLIST_KEY_UILaunchScreen_Generation = YES;
				INFOPLIST_KEY_UISupportedInterfaceOrientations_iPad = "UIInterfaceOrientationPortrait UIInterfaceOrientationPortraitUpsideDown UIInterfaceOrientationLandscapeLeft UIInterfaceOrientationLandscapeRight";
				INFOPLIST_KEY_UISupportedInterfaceOrientations_iPhone = "UIInterfaceOrientationPortrait UIInterfaceOrientationLandscapeLeft UIInterfaceOrientationLandscapeRight";
				LD_RUNPATH_SEARCH_PATHS = (
					"$(inherited)",
					"@executable_path/Frameworks",
				);
				MARKETING_VERSION = 1.0;
				PRODUCT_BUNDLE_IDENTIFIER = "com.gmail.ai.egnom.SD-OMF-4E";
				PRODUCT_NAME = "$(TARGET_NAME)";
				SWIFT_EMIT_LOC_STRINGS = YES;
				SWIFT_VERSION = 5.0;
				TARGETED_DEVICE_FAMILY = "1,2";
			};
			name = Debug;
		};
		51BAFA6C2AAA88EB00F9D644 /* Release */ = {
			isa = XCBuildConfiguration;
			buildSettings = {
				ASSETCATALOG_COMPILER_APPICON_NAME = AppIcon;
				ASSETCATALOG_COMPILER_GLOBAL_ACCENT_COLOR_NAME = AccentColor;
				CODE_SIGN_STYLE = Automatic;
				CURRENT_PROJECT_VERSION = 1;
				DEVELOPMENT_ASSET_PATHS = "\"SD_OMF_4E/Preview Content\"";
				DEVELOPMENT_TEAM = A46269A6Z9;
				ENABLE_PREVIEWS = YES;
				GENERATE_INFOPLIST_FILE = YES;
				INFOPLIST_KEY_UIApplicationSceneManifest_Generation = YES;
				INFOPLIST_KEY_UIApplicationSupportsIndirectInputEvents = YES;
				INFOPLIST_KEY_UILaunchScreen_Generation = YES;
				INFOPLIST_KEY_UISupportedInterfaceOrientations_iPad = "UIInterfaceOrientationPortrait UIInterfaceOrientationPortraitUpsideDown UIInterfaceOrientationLandscapeLeft UIInterfaceOrientationLandscapeRight";
				INFOPLIST_KEY_UISupportedInterfaceOrientations_iPhone = "UIInterfaceOrientationPortrait UIInterfaceOrientationLandscapeLeft UIInterfaceOrientationLandscapeRight";
				LD_RUNPATH_SEARCH_PATHS = (
					"$(inherited)",
					"@executable_path/Frameworks",
				);
				MARKETING_VERSION = 1.0;
				PRODUCT_BUNDLE_IDENTIFIER = "com.gmail.ai.egnom.SD-OMF-4E";
				PRODUCT_NAME = "$(TARGET_NAME)";
				SWIFT_EMIT_LOC_STRINGS = YES;
				SWIFT_VERSION = 5.0;
				TARGETED_DEVICE_FAMILY = "1,2";
			};
			name = Release;
		};
/* End XCBuildConfiguration section */

/* Begin XCConfigurationList section */
		51BAFA572AAA88EA00F9D644 /* Build configuration list for PBXProject "SD_OMF_4E" */ = {
			isa = XCConfigurationList;
			buildConfigurations = (
				51BAFA682AAA88EB00F9D644 /* Debug */,
				51BAFA692AAA88EB00F9D644 /* Release */,
			);
			defaultConfigurationIsVisible = 0;
			defaultConfigurationName = Release;
		};
		51BAFA6A2AAA88EB00F9D644 /* Build configuration list for PBXNativeTarget "SD_OMF_4E" */ = {
			isa = XCConfigurationList;
			buildConfigurations = (
				51BAFA6B2AAA88EB00F9D644 /* Debug */,
				51BAFA6C2AAA88EB00F9D644 /* Release */,
			);
			defaultConfigurationIsVisible = 0;
			defaultConfigurationName = Release;
		};
/* End XCConfigurationList section */
	};
	rootObject = 51BAFA542AAA88EA00F9D644 /* Project object */;
}
